
Microsoft Visual Studio Solution File, Format Version 12.00
# Visual Studio Version 17
VisualStudioVersion = 17.14.36915.13 d17.14
MinimumVisualStudioVersion = 10.0.40219.1
Project("{FAE04EC0-301F-11D3-BF4B-00C04F79EFBC}") = "VerificationPictureMD5", "VerificationPictureMD5\VerificationPictureMD5.csproj", "{846F8BBC-6739-4667-B7AC-7A17E0B89786}"
EndProject
Global
	GlobalSection(SolutionConfigurationPlatforms) = preSolution
		Debug|Any CPU = Debug|Any CPU
		Release|Any CPU = Release|Any CPU
	EndGlobalSection
	GlobalSection(ProjectConfigurationPlatforms) = postSolution
		{846F8BBC-6739-4667-B7AC-7A17E0B89786}.Debug|Any CPU.ActiveCfg = Debug|Any CPU
		{846F8BBC-6739-4667-B7AC-7A17E0B89786}.Debug|Any CPU.Build.0 = Debug|Any CPU
		{846F8BBC-6739-4667-B7AC-7A17E0B89786}.Release|Any CPU.ActiveCfg = Release|Any CPU
		{846F8BBC-6739-4667-B7AC-7A17E0B89786}.Release|Any CPU.Build.0 = Release|Any CPU
	EndGlobalSection
	GlobalSection(SolutionProperties) = preSolution
		HideSolutionNode = FALSE
	EndGlobalSection
	GlobalSection(ExtensibilityGlobals) = postSolution
		SolutionGuid = {7266908F-F39F-48AD-AE62-294C4DBCC51C}
	EndGlobalSection
EndGlobal
